
Microsoft Visual Studio Solution File, Format Version 12.00
# Visual Studio Version 16
VisualStudioVersion = 16.0.31729.503
MinimumVisualStudioVersion = 10.0.40219.1
Project("{9A19103F-16F7-4668-BE54-9A1E7A4F7556}") = "BookStore", "BookStore.csproj", "{6804FDB1-9804-4A34-B57D-AA8E4BF062DA}"
EndProject
Global
	GlobalSection(SolutionConfigurationPlatforms) = preSolution
		Debug|Any CPU = Debug|Any CPU
		Release|Any CPU = Release|Any CPU
	EndGlobalSection
	GlobalSection(ProjectConfigurationPlatforms) = postSolution
		{6804FDB1-9804-4A34-B57D-AA8E4BF062DA}.Debug|Any CPU.ActiveCfg = Debug|Any CPU
		{6804FDB1-9804-4A34-B57D-AA8E4BF062DA}.Debug|Any CPU.Build.0 = Debug|Any CPU
		{6804FDB1-9804-4A34-B57D-AA8E4BF062DA}.Release|Any CPU.ActiveCfg = Release|Any CPU
		{6804FDB1-9804-4A34-B57D-AA8E4BF062DA}.Release|Any CPU.Build.0 = Release|Any CPU
	EndGlobalSection
	GlobalSection(SolutionProperties) = preSolution
		HideSolutionNode = FALSE
	EndGlobalSection
	GlobalSection(ExtensibilityGlobals) = postSolution
		SolutionGuid = {487A6336-AD1D-4BB2-8921-4728AF3B1D0F}
	EndGlobalSection
EndGlobal
